// !$*UTF8*$!
{
	archiveVersion = 1;
	classes = {
	};
	objectVersion = 55;
	objects = {

/* Begin PBXBuildFile section */
		E8E1A89F28FDE0E800090B21 /* JuegosViewController.swift in Sources */ = {isa = PBXBuildFile; fileRef = E8E1A89E28FDE0E800090B21 /* JuegosViewController.swift */; };
		E8FFDF1128FDD80000DF1576 /* AppDelegate.swift in Sources */ = {isa = PBXBuildFile; fileRef = E8FFDF1028FDD80000DF1576 /* AppDelegate.swift */; };
		E8FFDF1328FDD80000DF1576 /* SceneDelegate.swift in Sources */ = {isa = PBXBuildFile; fileRef = E8FFDF1228FDD80000DF1576 /* SceneDelegate.swift */; };
		E8FFDF1528FDD80000DF1576 /* ViewController.swift in Sources */ = {isa = PBXBuildFile; fileRef = E8FFDF1428FDD80000DF1576 /* ViewController.swift */; };
		E8FFDF1828FDD80000DF1576 /* Main.storyboard in Resources */ = {isa = PBXBuildFile; fileRef = E8FFDF1628FDD80000DF1576 /* Main.storyboard */; };
		E8FFDF1B28FDD80000DF1576 /* TapiaColeccionDeJuegos.xcdatamodeld in Sources */ = {isa = PBXBuildFile; fileRef = E8FFDF1928FDD80000DF1576 /* TapiaColeccionDeJuegos.xcdatamodeld */; };
		E8FFDF1D28FDD80500DF1576 /* Assets.xcassets in Resources */ = {isa = PBXBuildFile; fileRef = E8FFDF1C28FDD80500DF1576 /* Assets.xcassets */; };
		E8FFDF2028FDD80500DF1576 /* LaunchScreen.storyboard in Resources */ = {isa = PBXBuildFile; fileRef = E8FFDF1E28FDD80500DF1576 /* LaunchScreen.storyboard */; };
/* End PBXBuildFile section */

/* Begin PBXFileReference section */
		E8E1A89E28FDE0E800090B21 /* JuegosViewController.swift */ = {isa = PBXFileReference; lastKnownFileType = sourcecode.swift; path = JuegosViewController.swift; sourceTree = "<group>"; };
		E8FFDF0D28FDD80000DF1576 /* TapiaColeccionDeJuegos.app */ = {isa = PBXFileReference; explicitFileType = wrapper.application; includeInIndex = 0; path = TapiaColeccionDeJuegos.app; sourceTree = BUILT_PRODUCTS_DIR; };
		E8FFDF1028FDD80000DF1576 /* AppDelegate.swift */ = {isa = PBXFileReference; lastKnownFileType = sourcecode.swift; path = AppDelegate.swift; sourceTree = "<group>"; };
		E8FFDF1228FDD80000DF1576 /* SceneDelegate.swift */ = {isa = PBXFileReference; lastKnownFileType = sourcecode.swift; path = SceneDelegate.swift; sourceTree = "<group>"; };
		E8FFDF1428FDD80000DF1576 /* ViewController.swift */ = {isa = PBXFileReference; lastKnownFileType = sourcecode.swift; path = ViewController.swift; sourceTree = "<group>"; };
		E8FFDF1728FDD80000DF1576 /* Base */ = {isa = PBXFileReference; lastKnownFileType = file.storyboard; name = Base; path = Base.lproj/Main.storyboard; sourceTree = "<group>"; };
		E8FFDF1A28FDD80000DF1576 /* TapiaColeccionDeJuegos.xcdatamodel */ = {isa = PBXFileReference; lastKnownFileType = wrapper.xcdatamodel; path = TapiaColeccionDeJuegos.xcdatamodel; sourceTree = "<group>"; };
		E8FFDF1C28FDD80500DF1576 /* Assets.xcassets */ = {isa = PBXFileReference; lastKnownFileType = folder.assetcatalog; path = Assets.xcassets; sourceTree = "<group>"; };
		E8FFDF1F28FDD80500DF1576 /* Base */ = {isa = PBXFileReference; lastKnownFileType = file.storyboard; name = Base; path = Base.lproj/LaunchScreen.storyboard; sourceTree = "<group>"; };
		E8FFDF2128FDD80500DF1576 /* Info.plist */ = {isa = PBXFileReference; lastKnownFileType = text.plist.xml; path = Info.plist; sourceTree = "<group>"; };
/* End PBXFileReference section */

/* Begin PBXFrameworksBuildPhase section */
		E8FFDF0A28FDD80000DF1576 /* Frameworks */ = {
			isa = PBXFrameworksBuildPhase;
			buildActionMask = 2147483647;
			files = (
			);
			runOnlyForDeploymentPostprocessing = 0;
		};
/* End PBXFrameworksBuildPhase section */

/* Begin PBXGroup section */
		E8FFDF0428FDD80000DF1576 = {
			isa = PBXGroup;
			children = (
				E8FFDF0F28FDD80000DF1576 /* TapiaColeccionDeJuegos */,
				E8FFDF0E28FDD80000DF1576 /* Products */,
			);
			sourceTree = "<group>";
		};
		E8FFDF0E28FDD80000DF1576 /* Products */ = {
			isa = PBXGroup;
			children = (
				E8FFDF0D28FDD80000DF1576 /* TapiaColeccionDeJuegos.app */,
			);
			name = Products;
			sourceTree = "<group>";
		};
		E8FFDF0F28FDD80000DF1576 /* TapiaColeccionDeJuegos */ = {
			isa = PBXGroup;
			children = (
				E8FFDF1028FDD80000DF1576 /* AppDelegate.swift */,
				E8FFDF1228FDD80000DF1576 /* SceneDelegate.swift */,
				E8FFDF1428FDD80000DF1576 /* ViewController.swift */,
				E8FFDF1628FDD80000DF1576 /* Main.storyboard */,
				E8E1A89E28FDE0E800090B21 /* JuegosViewController.swift */,
				E8FFDF1C28FDD80500DF1576 /* Assets.xcassets */,
				E8FFDF1E28FDD80500DF1576 /* LaunchScreen.storyboard */,
				E8FFDF2128FDD80500DF1576 /* Info.plist */,
				E8FFDF1928FDD80000DF1576 /* TapiaColeccionDeJuegos.xcdatamodeld */,
			);
			path = TapiaColeccionDeJuegos;
			sourceTree = "<group>";
		};
/* End PBXGroup section */

/* Begin PBXNativeTarget section */
		E8FFDF0C28FDD80000DF1576 /* TapiaColeccionDeJuegos */ = {
			isa = PBXNativeTarget;
			buildConfigurationList = E8FFDF2428FDD80500DF1576 /* Build configuration list for PBXNativeTarget "TapiaColeccionDeJuegos" */;
			buildPhases = (
				E8FFDF0928FDD80000DF1576 /* Sources */,
				E8FFDF0A28FDD80000DF1576 /* Frameworks */,
				E8FFDF0B28FDD80000DF1576 /* Resources */,
			);
			buildRules = (
			);
			dependencies = (
			);
			name = TapiaColeccionDeJuegos;
			productName = TapiaColeccionDeJuegos;
			productReference = E8FFDF0D28FDD80000DF1576 /* TapiaColeccionDeJuegos.app */;
			productType = "com.apple.product-type.application";
		};
/* End PBXNativeTarget section */

/* Begin PBXProject section */
		E8FFDF0528FDD80000DF1576 /* Project object */ = {
			isa = PBXProject;
			attributes = {
				BuildIndependentTargetsInParallel = 1;
				LastSwiftUpdateCheck = 1330;
				LastUpgradeCheck = 1330;
				TargetAttributes = {
					E8FFDF0C28FDD80000DF1576 = {
						CreatedOnToolsVersion = 13.3;
					};
				};
			};
			buildConfigurationList = E8FFDF0828FDD80000DF1576 /* Build configuration list for PBXProject "TapiaColeccionDeJuegos" */;
			compatibilityVersion = "Xcode 13.0";
			developmentRegion = en;
			hasScannedForEncodings = 0;
			knownRegions = (
				en,
				Base,
			);
			mainGroup = E8FFDF0428FDD80000DF1576;
			productRefGroup = E8FFDF0E28FDD80000DF1576 /* Products */;
			projectDirPath = "";
			projectRoot = "";
			targets = (
				E8FFDF0C28FDD80000DF1576 /* TapiaColeccionDeJuegos */,
			);
		};
/* End PBXProject section */

/* Begin PBXResourcesBuildPhase section */
		E8FFDF0B28FDD80000DF1576 /* Resources */ = {
			isa = PBXResourcesBuildPhase;
			buildActionMask = 2147483647;
			files = (
				E8FFDF2028FDD80500DF1576 /* LaunchScreen.storyboard in Resources */,
				E8FFDF1D28FDD80500DF1576 /* Assets.xcassets in Resources */,
				E8FFDF1828FDD80000DF1576 /* Main.storyboard in Resources */,
			);
			runOnlyForDeploymentPostprocessing = 0;
		};
/* End PBXResourcesBuildPhase section */

/* Begin PBXSourcesBuildPhase section */
		E8FFDF0928FDD80000DF1576 /* Sources */ = {
			isa = PBXSourcesBuildPhase;
			buildActionMask = 2147483647;
			files = (
				E8E1A89F28FDE0E800090B21 /* JuegosViewController.swift in Sources */,
				E8FFDF1528FDD80000DF1576 /* ViewController.swift in Sources */,
				E8FFDF1128FDD80000DF1576 /* AppDelegate.swift in Sources */,
				E8FFDF1328FDD80000DF1576 /* SceneDelegate.swift in Sources */,
				E8FFDF1B28FDD80000DF1576 /* TapiaColeccionDeJuegos.xcdatamodeld in Sources */,
			);
			runOnlyForDeploymentPostprocessing = 0;
		};
/* End PBXSourcesBuildPhase section */

/* Begin PBXVariantGroup section */
		E8FFDF1628FDD80000DF1576 /* Main.storyboard */ = {
			isa = PBXVariantGroup;
			children = (
				E8FFDF1728FDD80000DF1576 /* Base */,
			);
			name = Main.storyboard;
			sourceTree = "<group>";
		};
		E8FFDF1E28FDD80500DF1576 /* LaunchScreen.storyboard */ = {
			isa = PBXVariantGroup;
			children = (
				E8FFDF1F28FDD80500DF1576 /* Base */,
			);
			name = LaunchScreen.storyboard;
			sourceTree = "<group>";
		};
/* End PBXVariantGroup section */

/* Begin XCBuildConfiguration section */
		E8FFDF2228FDD80500DF1576 /* Debug */ = {
			isa = XCBuildConfiguration;
			buildSettings = {
				ALWAYS_SEARCH_USER_PATHS = NO;
				CLANG_ANALYZER_NONNULL = YES;
				CLANG_ANALYZER_NUMBER_OBJECT_CONVERSION = YES_AGGRESSIVE;
				CLANG_CXX_LANGUAGE_STANDARD = "gnu++17";
				CLANG_ENABLE_MODULES = YES;
				CLANG_ENABLE_OBJC_ARC = YES;
				CLANG_ENABLE_OBJC_WEAK = YES;
				CLANG_WARN_BLOCK_CAPTURE_AUTORELEASING = YES;
				CLANG_WARN_BOOL_CONVERSION = YES;
				CLANG_WARN_COMMA = YES;
				CLANG_WARN_CONSTANT_CONVERSION = YES;
				CLANG_WARN_DEPRECATED_OBJC_IMPLEMENTATIONS = YES;
				CLANG_WARN_DIRECT_OBJC_ISA_USAGE = YES_ERROR;
				CLANG_WARN_DOCUMENTATION_COMMENTS = YES;
				CLANG_WARN_EMPTY_BODY = YES;
				CLANG_WARN_ENUM_CONVERSION = YES;
				CLANG_WARN_INFINITE_RECURSION = YES;
				CLANG_WARN_INT_CONVERSION = YES;
				CLANG_WARN_NON_LITERAL_NULL_CONVERSION = YES;
				CLANG_WARN_OBJC_IMPLICIT_RETAIN_SELF = YES;
				CLANG_WARN_OBJC_LITERAL_CONVERSION = YES;
				CLANG_WARN_OBJC_ROOT_CLASS = YES_ERROR;
				CLANG_WARN_QUOTED_INCLUDE_IN_FRAMEWORK_HEADER = YES;
				CLANG_WARN_RANGE_LOOP_ANALYSIS = YES;
				CLANG_WARN_STRICT_PROTOTYPES = YES;
				CLANG_WARN_SUSPICIOUS_MOVE = YES;
				CLANG_WARN_UNGUARDED_AVAILABILITY = YES_AGGRESSIVE;
				CLANG_WARN_UNREACHABLE_CODE = YES;
				CLANG_WARN__DUPLICATE_METHOD_MATCH = YES;
				COPY_PHASE_STRIP = NO;
				DEBUG_INFORMATION_FORMAT = dwarf;
				ENABLE_STRICT_OBJC_MSGSEND = YES;
				ENABLE_TESTABILITY = YES;
				GCC_C_LANGUAGE_STANDARD = gnu11;
				GCC_DYNAMIC_NO_PIC = NO;
				GCC_NO_COMMON_BLOCKS = YES;
				GCC_OPTIMIZATION_LEVEL = 0;
				GCC_PREPROCESSOR_DEFINITIONS = (
					"DEBUG=1",
					"$(inherited)",
				);
				GCC_WARN_64_TO_32_BIT_CONVERSION = YES;
				GCC_WARN_ABOUT_RETURN_TYPE = YES_ERROR;
				GCC_WARN_UNDECLARED_SELECTOR = YES;
				GCC_WARN_UNINITIALIZED_AUTOS = YES_AGGRESSIVE;
				GCC_WARN_UNUSED_FUNCTION = YES;
				GCC_WARN_UNUSED_VARIABLE = YES;
				IPHONEOS_DEPLOYMENT_TARGET = 15.4;
				MTL_ENABLE_DEBUG_INFO = INCLUDE_SOURCE;
				MTL_FAST_MATH = YES;
				ONLY_ACTIVE_ARCH = YES;
				SDKROOT = iphoneos;
				SWIFT_ACTIVE_COMPILATION_CONDITIONS = DEBUG;
				SWIFT_OPTIMIZATION_LEVEL = "-Onone";
			};
			name = Debug;
		};
		E8FFDF2328FDD80500DF1576 /* Release */ = {
			isa = XCBuildConfiguration;
			buildSettings = {
				ALWAYS_SEARCH_USER_PATHS = NO;
				CLANG_ANALYZER_NONNULL = YES;
				CLANG_ANALYZER_NUMBER_OBJECT_CONVERSION = YES_AGGRESSIVE;
				CLANG_CXX_LANGUAGE_STANDARD = "gnu++17";
				CLANG_ENABLE_MODULES = YES;
				CLANG_ENABLE_OBJC_ARC = YES;
				CLANG_ENABLE_OBJC_WEAK = YES;
				CLANG_WARN_BLOCK_CAPTURE_AUTORELEASING = YES;
				CLANG_WARN_BOOL_CONVERSION = YES;
				CLANG_WARN_COMMA = YES;
				CLANG_WARN_CONSTANT_CONVERSION = YES;
				CLANG_WARN_DEPRECATED_OBJC_IMPLEMENTATIONS = YES;
				CLANG_WARN_DIRECT_OBJC_ISA_USAGE = YES_ERROR;
				CLANG_WARN_DOCUMENTATION_COMMENTS = YES;
				CLANG_WARN_EMPTY_BODY = YES;
				CLANG_WARN_ENUM_CONVERSION = YES;
				CLANG_WARN_INFINITE_RECURSION = YES;
				CLANG_WARN_INT_CONVERSION = YES;
				CLANG_WARN_NON_LITERAL_NULL_CONVERSION = YES;
				CLANG_WARN_OBJC_IMPLICIT_RETAIN_SELF = YES;
				CLANG_WARN_OBJC_LITERAL_CONVERSION = YES;
				CLANG_WARN_OBJC_ROOT_CLASS = YES_ERROR;
				CLANG_WARN_QUOTED_INCLUDE_IN_FRAMEWORK_HEADER = YES;
				CLANG_WARN_RANGE_LOOP_ANALYSIS = YES;
				CLANG_WARN_STRICT_PROTOTYPES = YES;
				CLANG_WARN_SUSPICIOUS_MOVE = YES;
				CLANG_WARN_UNGUARDED_AVAILABILITY = YES_AGGRESSIVE;
				CLANG_WARN_UNREACHABLE_CODE = YES;
				CLANG_WARN__DUPLICATE_METHOD_MATCH = YES;
				COPY_PHASE_STRIP = NO;
				DEBUG_INFORMATION_FORMAT = "dwarf-with-dsym";
				ENABLE_NS_ASSERTIONS = NO;
				ENABLE_STRICT_OBJC_MSGSEND = YES;
				GCC_C_LANGUAGE_STANDARD = gnu11;
				GCC_NO_COMMON_BLOCKS = YES;
				GCC_WARN_64_TO_32_BIT_CONVERSION = YES;
				GCC_WARN_ABOUT_RETURN_TYPE = YES_ERROR;
				GCC_WARN_UNDECLARED_SELECTOR = YES;
				GCC_WARN_UNINITIALIZED_AUTOS = YES_AGGRESSIVE;
				GCC_WARN_UNUSED_FUNCTION = YES;
				GCC_WARN_UNUSED_VARIABLE = YES;
				IPHONEOS_DEPLOYMENT_TARGET = 15.4;
				MTL_ENABLE_DEBUG_INFO = NO;
				MTL_FAST_MATH = YES;
				SDKROOT = iphoneos;
				SWIFT_COMPILATION_MODE = wholemodule;
				SWIFT_OPTIMIZATION_LEVEL = "-O";
				VALIDATE_PRODUCT = YES;
			};
			name = Release;
		};
		E8FFDF2528FDD80500DF1576 /* Debug */ = {
			isa = XCBuildConfiguration;
			buildSettings = {
				ASSETCATALOG_COMPILER_APPICON_NAME = AppIcon;
				ASSETCATALOG_COMPILER_GLOBAL_ACCENT_COLOR_NAME = AccentColor;
				CODE_SIGN_STYLE = Automatic;
				CURRENT_PROJECT_VERSION = 1;
				GENERATE_INFOPLIST_FILE = YES;
				INFOPLIST_FILE = TapiaColeccionDeJuegos/Info.plist;
				INFOPLIST_KEY_UIApplicationSupportsIndirectInputEvents = YES;
				INFOPLIST_KEY_UILaunchStoryboardName = LaunchScreen;
				INFOPLIST_KEY_UIMainStoryboardFile = Main;
				INFOPLIST_KEY_UISupportedInterfaceOrientations_iPad = "UIInterfaceOrientationPortrait UIInterfaceOrientationPortraitUpsideDown UIInterfaceOrientationLandscapeLeft UIInterfaceOrientationLandscapeRight";
				INFOPLIST_KEY_UISupportedInterfaceOrientations_iPhone = "UIInterfaceOrientationPortrait UIInterfaceOrientationLandscapeLeft UIInterfaceOrientationLandscapeRight";
				LD_RUNPATH_SEARCH_PATHS = (
					"$(inherited)",
					"@executable_path/Frameworks",
				);
				MARKETING_VERSION = 1.0;
				PRODUCT_BUNDLE_IDENTIFIER = com.miempresa.TapiaColeccionDeJuegos;
				PRODUCT_NAME = "$(TARGET_NAME)";
				SWIFT_EMIT_LOC_STRINGS = YES;
				SWIFT_VERSION = 5.0;
				TARGETED_DEVICE_FAMILY = "1,2";
			};
			name = Debug;
		};
		E8FFDF2628FDD80500DF1576 /* Release */ = {
			isa = XCBuildConfiguration;
			buildSettings = {
				ASSETCATALOG_COMPILER_APPICON_NAME = AppIcon;
				ASSETCATALOG_COMPILER_GLOBAL_ACCENT_COLOR_NAME = AccentColor;
				CODE_SIGN_STYLE = Automatic;
				CURRENT_PROJECT_VERSION = 1;
				GENERATE_INFOPLIST_FILE = YES;
				INFOPLIST_FILE = TapiaColeccionDeJuegos/Info.plist;
				INFOPLIST_KEY_UIApplicationSupportsIndirectInputEvents = YES;
				INFOPLIST_KEY_UILaunchStoryboardName = LaunchScreen;
				INFOPLIST_KEY_UIMainStoryboardFile = Main;
				INFOPLIST_KEY_UISupportedInterfaceOrientations_iPad = "UIInterfaceOrientationPortrait UIInterfaceOrientationPortraitUpsideDown UIInterfaceOrientationLandscapeLeft UIInterfaceOrientationLandscapeRight";
				INFOPLIST_KEY_UISupportedInterfaceOrientations_iPhone = "UIInterfaceOrientationPortrait UIInterfaceOrientationLandscapeLeft UIInterfaceOrientationLandscapeRight";
				LD_RUNPATH_SEARCH_PATHS = (
					"$(inherited)",
					"@executable_path/Frameworks",
				);
				MARKETING_VERSION = 1.0;
				PRODUCT_BUNDLE_IDENTIFIER = com.miempresa.TapiaColeccionDeJuegos;
				PRODUCT_NAME = "$(TARGET_NAME)";
				SWIFT_EMIT_LOC_STRINGS = YES;
				SWIFT_VERSION = 5.0;
				TARGETED_DEVICE_FAMILY = "1,2";
			};
			name = Release;
		};
/* End XCBuildConfiguration section */

/* Begin XCConfigurationList section */
		E8FFDF0828FDD80000DF1576 /* Build configuration list for PBXProject "TapiaColeccionDeJuegos" */ = {
			isa = XCConfigurationList;
			buildConfigurations = (
				E8FFDF2228FDD80500DF1576 /* Debug */,
				E8FFDF2328FDD80500DF1576 /* Release */,
			);
			defaultConfigurationIsVisible = 0;
			defaultConfigurationName = Release;
		};
		E8FFDF2428FDD80500DF1576 /* Build configuration list for PBXNativeTarget "TapiaColeccionDeJuegos" */ = {
			isa = XCConfigurationList;
			buildConfigurations = (
				E8FFDF2528FDD80500DF1576 /* Debug */,
				E8FFDF2628FDD80500DF1576 /* Release */,
			);
			defaultConfigurationIsVisible = 0;
			defaultConfigurationName = Release;
		};
/* End XCConfigurationList section */

/* Begin XCVersionGroup section */
		E8FFDF1928FDD80000DF1576 /* TapiaColeccionDeJuegos.xcdatamodeld */ = {
			isa = XCVersionGroup;
			children = (
				E8FFDF1A28FDD80000DF1576 /* TapiaColeccionDeJuegos.xcdatamodel */,
			);
			currentVersion = E8FFDF1A28FDD80000DF1576 /* TapiaColeccionDeJuegos.xcdatamodel */;
			path = TapiaColeccionDeJuegos.xcdatamodeld;
			sourceTree = "<group>";
			versionGroupType = wrapper.xcdatamodel;
		};
/* End XCVersionGroup section */
	};
	rootObject = E8FFDF0528FDD80000DF1576 /* Project object */;
}
